
Microsoft Visual Studio Solution File, Format Version 12.00
# Visual Studio Version 17
VisualStudioVersion = 17.8.34330.188
MinimumVisualStudioVersion = 10.0.40219.1
Project("{FAE04EC0-301F-11D3-BF4B-00C04F79EFBC}") = "PictureBox", "PictureBox\PictureBox.csproj", "{9578CDDA-EA35-4BE8-8F19-5511AE19A3CC}"
EndProject
Global
	GlobalSection(SolutionConfigurationPlatforms) = preSolution
		Debug|Any CPU = Debug|Any CPU
		Release|Any CPU = Release|Any CPU
	EndGlobalSection
	GlobalSection(ProjectConfigurationPlatforms) = postSolution
		{9578CDDA-EA35-4BE8-8F19-5511AE19A3CC}.Debug|Any CPU.ActiveCfg = Debug|Any CPU
		{9578CDDA-EA35-4BE8-8F19-5511AE19A3CC}.Debug|Any CPU.Build.0 = Debug|Any CPU
		{9578CDDA-EA35-4BE8-8F19-5511AE19A3CC}.Release|Any CPU.ActiveCfg = Release|Any CPU
		{9578CDDA-EA35-4BE8-8F19-5511AE19A3CC}.Release|Any CPU.Build.0 = Release|Any CPU
	EndGlobalSection
	GlobalSection(SolutionProperties) = preSolution
		HideSolutionNode = FALSE
	EndGlobalSection
	GlobalSection(ExtensibilityGlobals) = postSolution
		SolutionGuid = {85C1B928-7151-4B59-90B0-4F1174F78B36}
	EndGlobalSection
EndGlobal
